# This file is autogenerated, do not edit; changes may be undone by the next 'dep ensure'.


[[projects]]
  digest = "1:5a1309e5b4731d8c1c13bf48759fe8c391a2acb4d1f39ee5bd9f72f6f1f25a47"
  name = "github.com/RoaringBitmap/roaring"
  packages = ["."]
  pruneopts = "UT"
  revision = "8d778e47dd84f169ef4436abb474b0e0101a6dae"
  version = "v0.4.17"

[[projects]]
  branch = "master"
  digest = "1:64032380524ef4bdf370ed291ec02f0c129d540d91fac689bfb693ef203d73dd"
  name = "github.com/Smerity/govarint"
  packages = ["."]
  pruneopts = "UT"
  revision = "7265e41f48f15fd61751e16da866af3c704bb3ab"

[[projects]]
  digest = "1:0a911d543a8c44cfe88bc8e56fcaef5aef8fecc7eed598faa334ed64923466c8"
  name = "github.com/blevesearch/bleve"
  packages = [
    ".",
    "analysis",
    "analysis/analyzer/standard",
    "analysis/datetime/flexible",
    "analysis/datetime/optional",
    "analysis/lang/en",
    "analysis/token/lowercase",
    "analysis/token/porter",
    "analysis/token/stop",
    "analysis/tokenizer/unicode",
    "document",
    "geo",
    "index",
    "index/scorch",
    "index/scorch/mergeplan",
    "index/scorch/segment",
    "index/scorch/segment/mem",
    "index/scorch/segment/zap",
    "index/store",
    "index/store/boltdb",
    "index/store/gtreap",
    "index/upsidedown",
    "mapping",
    "numeric",
    "registry",
    "search",
    "search/collector",
    "search/facet",
    "search/highlight",
    "search/highlight/format/html",
    "search/highlight/fragmenter/simple",
    "search/highlight/highlighter/html",
    "search/highlight/highlighter/simple",
    "search/query",
    "search/scorer",
    "search/searcher",
  ]
  pruneopts = "UT"
  revision = "1a319cdf5bf77dc8cee35a6b99f908792c2547ef"
  version = "v0.7.0"

[[projects]]
  digest = "1:d9acc55e5a09863e9ae556c3e28f3703e94a3fc50a5a8b8dcb4bb02f913541c9"
  name = "github.com/blevesearch/go-porterstemmer"
  packages = ["."]
  pruneopts = "UT"
  revision = "23a2c8e5cf1f380f27722c6d2ae8896431dc7d0e"
  version = "v1.0.2"

[[projects]]
  digest = "1:15330cc03ff3465f79883a77312e65137fb79e0a4faef446d2dc6b8f71d54c42"
  name = "github.com/blevesearch/segment"
  packages = ["."]
  pruneopts = "UT"
  revision = "db70c57796cc8c310613541dfade3dce627d09c7"

[[projects]]
  digest = "1:8a94a15cd36028e52e4acb843458efb7c8e4a06795591f47f8e4e436a7320459"
  name = "github.com/boltdb/bolt"
  packages = ["."]
  pruneopts = "UT"
  revision = "9da31745363232bc1e27dbab3569e77383a51585"

[[projects]]
  digest = "1:2f7daa1bfbcd83e7f15933f01dd8306fe9a9b9d509d574f39bba9b0a67605b05"
  name = "github.com/caarlos0/env"
  packages = ["."]
  pruneopts = "UT"
  revision = "9a320ffe30f788798714d91e5735181030db014c"
  version = "v4.0.0"

[[projects]]
  branch = "master"
  digest = "1:ee3656c40a0dc683f36c939970827298cb2241e759f546bee06de348f8946e5d"
  name = "github.com/couchbase/vellum"
  packages = [
    ".",
    "regexp",
    "utf8",
  ]
  pruneopts = "UT"
  revision = "462e86d8716b36a1397b30ef77fb11105065a232"

[[projects]]
  digest = "1:edb569dd02419a41ddd98768cc0e7aec922ef19dae139731e5ca750afcf6f4c5"
  name = "github.com/edsrzf/mmap-go"
  packages = ["."]
  pruneopts = "UT"
  revision = "188cc3b666ba704534fa4f96e9e61f21f1e1ba7c"
  version = "v1.0.0"

[[projects]]
  branch = "master"
  digest = "1:dc925a7d0f70e394be6a79f060b06dfdecfabdc88cfd1cfa1c9d9462c6edca1f"
  name = "github.com/glycerine/go-unsnap-stream"
  packages = ["."]
  pruneopts = "UT"
  revision = "f9677308dec2b35e76737f9713df328ad11b1fea"

[[projects]]
  digest = "1:fd9d04d4fe18d02ecd2cdd0b8335a3c27210b10a9a5b92b9f01ac3caf8648e36"
  name = "github.com/go-playground/locales"
  packages = [
    ".",
    "currency",
    "en",
  ]
  pruneopts = "UT"
  revision = "f63010822830b6fe52288ee52d5a1151088ce039"
  version = "v0.12.1"

[[projects]]
  digest = "1:e022cf244bcac1b6ef933f1a2e0adcf6a6dfd7b872d8d41e4d4179bb09a87cbc"
  name = "github.com/go-playground/universal-translator"
  packages = ["."]
  pruneopts = "UT"
  revision = "b32fa301c9fe55953584134cb6853a13c87ec0a1"
  version = "v0.16.0"

[[projects]]
  digest = "1:8678e5fbb17ef2ba020f5369260d9adead06c4be5974e7aa556c245badbed139"
  name = "github.com/golang/protobuf"
  packages = ["proto"]
  pruneopts = "UT"
  revision = "655cdfa588ea190e901bc5590e65d5621688847c"

[[projects]]
  digest = "1:ffcba3b8daaaa29dd382bf24b62c5fce691de087a03dde25ed03b1dd02b8c6a8"
  name = "github.com/golang/snappy"
  packages = ["."]
  pruneopts = "UT"
  revision = "cef980a12b316c5b7e5bb3a8e168eb43ae999a88"

[[projects]]
  digest = "1:ca59b1175189b3f0e9f1793d2c350114be36eaabbe5b9f554b35edee1de50aea"
  name = "github.com/gorilla/mux"
  packages = ["."]
  pruneopts = "UT"
  revision = "a7962380ca08b5a188038c69871b8d3fbdf31e89"
  version = "v1.7.0"

[[projects]]
  digest = "1:6782ffc812e8e700e6952ede1e60487ff1fd9da489eff762985be662a7cfc431"
  name = "github.com/leodido/go-urn"
  packages = ["."]
  pruneopts = "UT"
  revision = "70078a794e8ea4b497ba7c19a78cd60f90ccf0f4"
  version = "v1.1.0"

[[projects]]
  branch = "master"
  digest = "1:c22fdadfe2de0e1df75987cac34f1c721157dc24f180c76b4ef66a3c9637a799"
  name = "github.com/mschoch/smat"
  packages = ["."]
  pruneopts = "UT"
  revision = "90eadee771aeab36e8bf796039b8c261bebebe4f"

[[projects]]
  digest = "1:5e73b34a27d827212102605789de00bd411b2e434812133c83935fe9897c75e1"
  name = "github.com/philhofer/fwd"
  packages = ["."]
  pruneopts = "UT"
  revision = "bb6d471dc95d4fe11e432687f8b70ff496cf3136"
  version = "v1.0.0"

[[projects]]
  branch = "master"
  digest = "1:970bd01f655c6e4cf6d335aadded53eca531d3d856f7de61eebe6fc253552b49"
  name = "github.com/steveyen/gtreap"
  packages = ["."]
  pruneopts = "UT"
  revision = "0abe01ef9be25c4aedc174758ec2d917314d6d70"

[[projects]]
  digest = "1:c97e8a5e5c435c3287f581cdb4441ba34577ec6ead8422bfedafa6269af7abf6"
  name = "github.com/tinylib/msgp"
  packages = ["msgp"]
  pruneopts = "UT"
  revision = "af6442a0fcf6e2a1b824f70dd0c734f01e817751"
  version = "v1.1.0"

[[projects]]
  digest = "1:542c6a724e70496d05fb3b40c45857fc0e353ed5f1c0ec4567fcf54c2f3b9619"
  name = "github.com/willf/bitset"
  packages = ["."]
  pruneopts = "UT"
  revision = "5c3c0fce48842b2c0bbaa99b4e61b0175d84b47c"

[[projects]]
  digest = "1:6ad30c4e66653ca512cc3f3894686fc4cdd17af1c7fd51603a10e1b31538ad81"
  name = "golang.org/x/net"
  packages = ["context"]
  pruneopts = "UT"
  revision = "e45385e9b226f570b1f086bf287b25d3d4117776"

[[projects]]
  branch = "master"
  digest = "1:6b3e6ddcebac95be1d690dbd53b5aa2e520715becb7e521bb526ccf3b4c53c15"
  name = "golang.org/x/sys"
  packages = [
    "unix",
    "windows",
  ]
  pruneopts = "UT"
  revision = "f49334f85ddcf0f08d7fb6dd7363e9e6d6b777eb"

[[projects]]
  digest = "1:07c9e3e48315f4d8f8c19b9028a0aaa0a7b98a974c1c91e8bcdcdfbdaab7f2fa"
  name = "gopkg.in/go-playground/validator.v9"
  packages = [
    ".",
    "translations/en",
  ]
  pruneopts = "UT"
  revision = "b199fa0642d29caca62b6a99d65cc981ba5edc3b"
  version = "v9.27.0"

[[projects]]
  digest = "1:4d2e5a73dc1500038e504a8d78b986630e3626dc027bc030ba5c75da257cdb96"
  name = "gopkg.in/yaml.v2"
  packages = ["."]
  pruneopts = "UT"
  revision = "51d6538a90f86fe93ac480b35f37b2be17fef232"
  version = "v2.2.2"

[solve-meta]
  analyzer-name = "dep"
  analyzer-version = 1
  input-imports = [
    "github.com/blevesearch/bleve",
    "github.com/blevesearch/bleve/mapping",
    "github.com/caarlos0/env",
    "github.com/go-playground/locales/en",
    "github.com/go-playground/universal-translator",
    "github.com/gorilla/mux",
    "gopkg.in/go-playground/validator.v9",
    "gopkg.in/go-playground/validator.v9/translations/en",
    "gopkg.in/yaml.v2",
  ]
  solver-name = "gps-cdcl"
  solver-version = 1
